// !$*UTF8*$!
{
	archiveVersion = 1;
	classes = {
	};
	objectVersion = 56;
	objects = {

/* Begin PBXBuildFile section */
		CD2D5BD8294064D5006E7BAD /* AppDelegate.swift in Sources */ = {isa = PBXBuildFile; fileRef = CD2D5BD7294064D5006E7BAD /* AppDelegate.swift */; };
		CD2D5BDA294064D5006E7BAD /* SceneDelegate.swift in Sources */ = {isa = PBXBuildFile; fileRef = CD2D5BD9294064D5006E7BAD /* SceneDelegate.swift */; };
		CD2D5BDC294064D5006E7BAD /* ViewController.swift in Sources */ = {isa = PBXBuildFile; fileRef = CD2D5BDB294064D5006E7BAD /* ViewController.swift */; };
		CD2D5BDF294064D5006E7BAD /* Main.storyboard in Resources */ = {isa = PBXBuildFile; fileRef = CD2D5BDD294064D5006E7BAD /* Main.storyboard */; };
		CD2D5BE1294064D7006E7BAD /* Assets.xcassets in Resources */ = {isa = PBXBuildFile; fileRef = CD2D5BE0294064D7006E7BAD /* Assets.xcassets */; };
		CD2D5BE4294064D7006E7BAD /* LaunchScreen.storyboard in Resources */ = {isa = PBXBuildFile; fileRef = CD2D5BE2294064D7006E7BAD /* LaunchScreen.storyboard */; };
		CD2D5BEE2940653F006E7BAD /* PrepareClassInstance.swift in Sources */ = {isa = PBXBuildFile; fileRef = CD2D5BED2940653F006E7BAD /* PrepareClassInstance.swift */; };
		CD66D8872941D2FD00E0ACA5 /* NSMutableAttributedString+Extension.swift in Sources */ = {isa = PBXBuildFile; fileRef = CD66D8862941D2FD00E0ACA5 /* NSMutableAttributedString+Extension.swift */; };
		CDBC2ED32941962D00AE5F65 /* UIColor+Extension.swift in Sources */ = {isa = PBXBuildFile; fileRef = CDBC2ED22941962D00AE5F65 /* UIColor+Extension.swift */; };
		CDBEAE5C2946FB8A00C2E885 /* Date+Extension.swift in Sources */ = {isa = PBXBuildFile; fileRef = CDBEAE5B2946FB8A00C2E885 /* Date+Extension.swift */; };
/* End PBXBuildFile section */

/* Begin PBXFileReference section */
		CD2D5BD4294064D5006E7BAD /* SugarDaddy.app */ = {isa = PBXFileReference; explicitFileType = wrapper.application; includeInIndex = 0; path = SugarDaddy.app; sourceTree = BUILT_PRODUCTS_DIR; };
		CD2D5BD7294064D5006E7BAD /* AppDelegate.swift */ = {isa = PBXFileReference; lastKnownFileType = sourcecode.swift; path = AppDelegate.swift; sourceTree = "<group>"; };
		CD2D5BD9294064D5006E7BAD /* SceneDelegate.swift */ = {isa = PBXFileReference; lastKnownFileType = sourcecode.swift; path = SceneDelegate.swift; sourceTree = "<group>"; };
		CD2D5BDB294064D5006E7BAD /* ViewController.swift */ = {isa = PBXFileReference; lastKnownFileType = sourcecode.swift; path = ViewController.swift; sourceTree = "<group>"; };
		CD2D5BDE294064D5006E7BAD /* Base */ = {isa = PBXFileReference; lastKnownFileType = file.storyboard; name = Base; path = Base.lproj/Main.storyboard; sourceTree = "<group>"; };
		CD2D5BE0294064D7006E7BAD /* Assets.xcassets */ = {isa = PBXFileReference; lastKnownFileType = folder.assetcatalog; path = Assets.xcassets; sourceTree = "<group>"; };
		CD2D5BE3294064D7006E7BAD /* Base */ = {isa = PBXFileReference; lastKnownFileType = file.storyboard; name = Base; path = Base.lproj/LaunchScreen.storyboard; sourceTree = "<group>"; };
		CD2D5BE5294064D7006E7BAD /* Info.plist */ = {isa = PBXFileReference; lastKnownFileType = text.plist.xml; path = Info.plist; sourceTree = "<group>"; };
		CD2D5BED2940653F006E7BAD /* PrepareClassInstance.swift */ = {isa = PBXFileReference; lastKnownFileType = sourcecode.swift; path = PrepareClassInstance.swift; sourceTree = "<group>"; };
		CD66D8862941D2FD00E0ACA5 /* NSMutableAttributedString+Extension.swift */ = {isa = PBXFileReference; lastKnownFileType = sourcecode.swift; path = "NSMutableAttributedString+Extension.swift"; sourceTree = "<group>"; };
		CDBC2ED22941962D00AE5F65 /* UIColor+Extension.swift */ = {isa = PBXFileReference; lastKnownFileType = sourcecode.swift; path = "UIColor+Extension.swift"; sourceTree = "<group>"; };
		CDBEAE5B2946FB8A00C2E885 /* Date+Extension.swift */ = {isa = PBXFileReference; lastKnownFileType = sourcecode.swift; path = "Date+Extension.swift"; sourceTree = "<group>"; };
/* End PBXFileReference section */

/* Begin PBXFrameworksBuildPhase section */
		CD2D5BD1294064D5006E7BAD /* Frameworks */ = {
			isa = PBXFrameworksBuildPhase;
			buildActionMask = 2147483647;
			files = (
			);
			runOnlyForDeploymentPostprocessing = 0;
		};
/* End PBXFrameworksBuildPhase section */

/* Begin PBXGroup section */
		CD2D5BCB294064D5006E7BAD = {
			isa = PBXGroup;
			children = (
				CD2D5BD6294064D5006E7BAD /* SugarDaddy */,
				CD2D5BD5294064D5006E7BAD /* Products */,
			);
			sourceTree = "<group>";
		};
		CD2D5BD5294064D5006E7BAD /* Products */ = {
			isa = PBXGroup;
			children = (
				CD2D5BD4294064D5006E7BAD /* SugarDaddy.app */,
			);
			name = Products;
			sourceTree = "<group>";
		};
		CD2D5BD6294064D5006E7BAD /* SugarDaddy */ = {
			isa = PBXGroup;
			children = (
				CD2D5BD7294064D5006E7BAD /* AppDelegate.swift */,
				CD2D5BD9294064D5006E7BAD /* SceneDelegate.swift */,
				CD2D5BDB294064D5006E7BAD /* ViewController.swift */,
				CD2D5BEC294064F0006E7BAD /* Utilities */,
				CD2D5BEB294064E3006E7BAD /* Extensions */,
				CD2D5BDD294064D5006E7BAD /* Main.storyboard */,
				CD2D5BE0294064D7006E7BAD /* Assets.xcassets */,
				CD2D5BE2294064D7006E7BAD /* LaunchScreen.storyboard */,
				CD2D5BE5294064D7006E7BAD /* Info.plist */,
			);
			path = SugarDaddy;
			sourceTree = "<group>";
		};
		CD2D5BEB294064E3006E7BAD /* Extensions */ = {
			isa = PBXGroup;
			children = (
				CDBC2ED22941962D00AE5F65 /* UIColor+Extension.swift */,
				CD66D8862941D2FD00E0ACA5 /* NSMutableAttributedString+Extension.swift */,
				CDBEAE5B2946FB8A00C2E885 /* Date+Extension.swift */,
			);
			path = Extensions;
			sourceTree = "<group>";
		};
		CD2D5BEC294064F0006E7BAD /* Utilities */ = {
			isa = PBXGroup;
			children = (
				CD2D5BED2940653F006E7BAD /* PrepareClassInstance.swift */,
			);
			path = Utilities;
			sourceTree = "<group>";
		};
/* End PBXGroup section */

/* Begin PBXNativeTarget section */
		CD2D5BD3294064D5006E7BAD /* SugarDaddy */ = {
			isa = PBXNativeTarget;
			buildConfigurationList = CD2D5BE8294064D7006E7BAD /* Build configuration list for PBXNativeTarget "SugarDaddy" */;
			buildPhases = (
				CD2D5BD0294064D5006E7BAD /* Sources */,
				CD2D5BD1294064D5006E7BAD /* Frameworks */,
				CD2D5BD2294064D5006E7BAD /* Resources */,
			);
			buildRules = (
			);
			dependencies = (
			);
			name = SugarDaddy;
			productName = SugarDaddy;
			productReference = CD2D5BD4294064D5006E7BAD /* SugarDaddy.app */;
			productType = "com.apple.product-type.application";
		};
/* End PBXNativeTarget section */

/* Begin PBXProject section */
		CD2D5BCC294064D5006E7BAD /* Project object */ = {
			isa = PBXProject;
			attributes = {
				BuildIndependentTargetsInParallel = 1;
				LastSwiftUpdateCheck = 1410;
				LastUpgradeCheck = 1410;
				TargetAttributes = {
					CD2D5BD3294064D5006E7BAD = {
						CreatedOnToolsVersion = 14.1;
					};
				};
			};
			buildConfigurationList = CD2D5BCF294064D5006E7BAD /* Build configuration list for PBXProject "SugarDaddy" */;
			compatibilityVersion = "Xcode 14.0";
			developmentRegion = en;
			hasScannedForEncodings = 0;
			knownRegions = (
				en,
				Base,
			);
			mainGroup = CD2D5BCB294064D5006E7BAD;
			productRefGroup = CD2D5BD5294064D5006E7BAD /* Products */;
			projectDirPath = "";
			projectRoot = "";
			targets = (
				CD2D5BD3294064D5006E7BAD /* SugarDaddy */,
			);
		};
/* End PBXProject section */

/* Begin PBXResourcesBuildPhase section */
		CD2D5BD2294064D5006E7BAD /* Resources */ = {
			isa = PBXResourcesBuildPhase;
			buildActionMask = 2147483647;
			files = (
				CD2D5BE4294064D7006E7BAD /* LaunchScreen.storyboard in Resources */,
				CD2D5BE1294064D7006E7BAD /* Assets.xcassets in Resources */,
				CD2D5BDF294064D5006E7BAD /* Main.storyboard in Resources */,
			);
			runOnlyForDeploymentPostprocessing = 0;
		};
/* End PBXResourcesBuildPhase section */

/* Begin PBXSourcesBuildPhase section */
		CD2D5BD0294064D5006E7BAD /* Sources */ = {
			isa = PBXSourcesBuildPhase;
			buildActionMask = 2147483647;
			files = (
				CD2D5BDC294064D5006E7BAD /* ViewController.swift in Sources */,
				CD2D5BD8294064D5006E7BAD /* AppDelegate.swift in Sources */,
				CD66D8872941D2FD00E0ACA5 /* NSMutableAttributedString+Extension.swift in Sources */,
				CD2D5BDA294064D5006E7BAD /* SceneDelegate.swift in Sources */,
				CDBEAE5C2946FB8A00C2E885 /* Date+Extension.swift in Sources */,
				CD2D5BEE2940653F006E7BAD /* PrepareClassInstance.swift in Sources */,
				CDBC2ED32941962D00AE5F65 /* UIColor+Extension.swift in Sources */,
			);
			runOnlyForDeploymentPostprocessing = 0;
		};
/* End PBXSourcesBuildPhase section */

/* Begin PBXVariantGroup section */
		CD2D5BDD294064D5006E7BAD /* Main.storyboard */ = {
			isa = PBXVariantGroup;
			children = (
				CD2D5BDE294064D5006E7BAD /* Base */,
			);
			name = Main.storyboard;
			sourceTree = "<group>";
		};
		CD2D5BE2294064D7006E7BAD /* LaunchScreen.storyboard */ = {
			isa = PBXVariantGroup;
			children = (
				CD2D5BE3294064D7006E7BAD /* Base */,
			);
			name = LaunchScreen.storyboard;
			sourceTree = "<group>";
		};
/* End PBXVariantGroup section */

/* Begin XCBuildConfiguration section */
		CD2D5BE6294064D7006E7BAD /* Debug */ = {
			isa = XCBuildConfiguration;
			buildSettings = {
				ALWAYS_SEARCH_USER_PATHS = NO;
				CLANG_ANALYZER_NONNULL = YES;
				CLANG_ANALYZER_NUMBER_OBJECT_CONVERSION = YES_AGGRESSIVE;
				CLANG_CXX_LANGUAGE_STANDARD = "gnu++20";
				CLANG_ENABLE_MODULES = YES;
				CLANG_ENABLE_OBJC_ARC = YES;
				CLANG_ENABLE_OBJC_WEAK = YES;
				CLANG_WARN_BLOCK_CAPTURE_AUTORELEASING = YES;
				CLANG_WARN_BOOL_CONVERSION = YES;
				CLANG_WARN_COMMA = YES;
				CLANG_WARN_CONSTANT_CONVERSION = YES;
				CLANG_WARN_DEPRECATED_OBJC_IMPLEMENTATIONS = YES;
				CLANG_WARN_DIRECT_OBJC_ISA_USAGE = YES_ERROR;
				CLANG_WARN_DOCUMENTATION_COMMENTS = YES;
				CLANG_WARN_EMPTY_BODY = YES;
				CLANG_WARN_ENUM_CONVERSION = YES;
				CLANG_WARN_INFINITE_RECURSION = YES;
				CLANG_WARN_INT_CONVERSION = YES;
				CLANG_WARN_NON_LITERAL_NULL_CONVERSION = YES;
				CLANG_WARN_OBJC_IMPLICIT_RETAIN_SELF = YES;
				CLANG_WARN_OBJC_LITERAL_CONVERSION = YES;
				CLANG_WARN_OBJC_ROOT_CLASS = YES_ERROR;
				CLANG_WARN_QUOTED_INCLUDE_IN_FRAMEWORK_HEADER = YES;
				CLANG_WARN_RANGE_LOOP_ANALYSIS = YES;
				CLANG_WARN_STRICT_PROTOTYPES = YES;
				CLANG_WARN_SUSPICIOUS_MOVE = YES;
				CLANG_WARN_UNGUARDED_AVAILABILITY = YES_AGGRESSIVE;
				CLANG_WARN_UNREACHABLE_CODE = YES;
				CLANG_WARN__DUPLICATE_METHOD_MATCH = YES;
				COPY_PHASE_STRIP = NO;
				DEBUG_INFORMATION_FORMAT = dwarf;
				ENABLE_STRICT_OBJC_MSGSEND = YES;
				ENABLE_TESTABILITY = YES;
				GCC_C_LANGUAGE_STANDARD = gnu11;
				GCC_DYNAMIC_NO_PIC = NO;
				GCC_NO_COMMON_BLOCKS = YES;
				GCC_OPTIMIZATION_LEVEL = 0;
				GCC_PREPROCESSOR_DEFINITIONS = (
					"DEBUG=1",
					"$(inherited)",
				);
				GCC_WARN_64_TO_32_BIT_CONVERSION = YES;
				GCC_WARN_ABOUT_RETURN_TYPE = YES_ERROR;
				GCC_WARN_UNDECLARED_SELECTOR = YES;
				GCC_WARN_UNINITIALIZED_AUTOS = YES_AGGRESSIVE;
				GCC_WARN_UNUSED_FUNCTION = YES;
				GCC_WARN_UNUSED_VARIABLE = YES;
				IPHONEOS_DEPLOYMENT_TARGET = 16.1;
				MTL_ENABLE_DEBUG_INFO = INCLUDE_SOURCE;
				MTL_FAST_MATH = YES;
				ONLY_ACTIVE_ARCH = YES;
				SDKROOT = iphoneos;
				SWIFT_ACTIVE_COMPILATION_CONDITIONS = DEBUG;
				SWIFT_OPTIMIZATION_LEVEL = "-Onone";
			};
			name = Debug;
		};
		CD2D5BE7294064D7006E7BAD /* Release */ = {
			isa = XCBuildConfiguration;
			buildSettings = {
				ALWAYS_SEARCH_USER_PATHS = NO;
				CLANG_ANALYZER_NONNULL = YES;
				CLANG_ANALYZER_NUMBER_OBJECT_CONVERSION = YES_AGGRESSIVE;
				CLANG_CXX_LANGUAGE_STANDARD = "gnu++20";
				CLANG_ENABLE_MODULES = YES;
				CLANG_ENABLE_OBJC_ARC = YES;
				CLANG_ENABLE_OBJC_WEAK = YES;
				CLANG_WARN_BLOCK_CAPTURE_AUTORELEASING = YES;
				CLANG_WARN_BOOL_CONVERSION = YES;
				CLANG_WARN_COMMA = YES;
				CLANG_WARN_CONSTANT_CONVERSION = YES;
				CLANG_WARN_DEPRECATED_OBJC_IMPLEMENTATIONS = YES;
				CLANG_WARN_DIRECT_OBJC_ISA_USAGE = YES_ERROR;
				CLANG_WARN_DOCUMENTATION_COMMENTS = YES;
				CLANG_WARN_EMPTY_BODY = YES;
				CLANG_WARN_ENUM_CONVERSION = YES;
				CLANG_WARN_INFINITE_RECURSION = YES;
				CLANG_WARN_INT_CONVERSION = YES;
				CLANG_WARN_NON_LITERAL_NULL_CONVERSION = YES;
				CLANG_WARN_OBJC_IMPLICIT_RETAIN_SELF = YES;
				CLANG_WARN_OBJC_LITERAL_CONVERSION = YES;
				CLANG_WARN_OBJC_ROOT_CLASS = YES_ERROR;
				CLANG_WARN_QUOTED_INCLUDE_IN_FRAMEWORK_HEADER = YES;
				CLANG_WARN_RANGE_LOOP_ANALYSIS = YES;
				CLANG_WARN_STRICT_PROTOTYPES = YES;
				CLANG_WARN_SUSPICIOUS_MOVE = YES;
				CLANG_WARN_UNGUARDED_AVAILABILITY = YES_AGGRESSIVE;
				CLANG_WARN_UNREACHABLE_CODE = YES;
				CLANG_WARN__DUPLICATE_METHOD_MATCH = YES;
				COPY_PHASE_STRIP = NO;
				DEBUG_INFORMATION_FORMAT = "dwarf-with-dsym";
				ENABLE_NS_ASSERTIONS = NO;
				ENABLE_STRICT_OBJC_MSGSEND = YES;
				GCC_C_LANGUAGE_STANDARD = gnu11;
				GCC_NO_COMMON_BLOCKS = YES;
				GCC_WARN_64_TO_32_BIT_CONVERSION = YES;
				GCC_WARN_ABOUT_RETURN_TYPE = YES_ERROR;
				GCC_WARN_UNDECLARED_SELECTOR = YES;
				GCC_WARN_UNINITIALIZED_AUTOS = YES_AGGRESSIVE;
				GCC_WARN_UNUSED_FUNCTION = YES;
				GCC_WARN_UNUSED_VARIABLE = YES;
				IPHONEOS_DEPLOYMENT_TARGET = 16.1;
				MTL_ENABLE_DEBUG_INFO = NO;
				MTL_FAST_MATH = YES;
				SDKROOT = iphoneos;
				SWIFT_COMPILATION_MODE = wholemodule;
				SWIFT_OPTIMIZATION_LEVEL = "-O";
				VALIDATE_PRODUCT = YES;
			};
			name = Release;
		};
		CD2D5BE9294064D7006E7BAD /* Debug */ = {
			isa = XCBuildConfiguration;
			buildSettings = {
				ASSETCATALOG_COMPILER_APPICON_NAME = AppIcon;
				ASSETCATALOG_COMPILER_GLOBAL_ACCENT_COLOR_NAME = AccentColor;
				CODE_SIGN_STYLE = Automatic;
				CURRENT_PROJECT_VERSION = 1;
				DEVELOPMENT_TEAM = 7588T3DZY6;
				GENERATE_INFOPLIST_FILE = YES;
				INFOPLIST_FILE = SugarDaddy/Info.plist;
				INFOPLIST_KEY_UIApplicationSupportsIndirectInputEvents = YES;
				INFOPLIST_KEY_UILaunchStoryboardName = LaunchScreen;
				INFOPLIST_KEY_UIMainStoryboardFile = Main;
				INFOPLIST_KEY_UISupportedInterfaceOrientations_iPad = "UIInterfaceOrientationPortrait UIInterfaceOrientationPortraitUpsideDown UIInterfaceOrientationLandscapeLeft UIInterfaceOrientationLandscapeRight";
				INFOPLIST_KEY_UISupportedInterfaceOrientations_iPhone = "UIInterfaceOrientationPortrait UIInterfaceOrientationLandscapeLeft UIInterfaceOrientationLandscapeRight";
				LD_RUNPATH_SEARCH_PATHS = (
					"$(inherited)",
					"@executable_path/Frameworks",
				);
				MARKETING_VERSION = 1.0;
				PRODUCT_BUNDLE_IDENTIFIER = com.pin.SugarDaddy;
				PRODUCT_NAME = "$(TARGET_NAME)";
				SWIFT_EMIT_LOC_STRINGS = YES;
				SWIFT_VERSION = 5.0;
				TARGETED_DEVICE_FAMILY = "1,2";
			};
			name = Debug;
		};
		CD2D5BEA294064D7006E7BAD /* Release */ = {
			isa = XCBuildConfiguration;
			buildSettings = {
				ASSETCATALOG_COMPILER_APPICON_NAME = AppIcon;
				ASSETCATALOG_COMPILER_GLOBAL_ACCENT_COLOR_NAME = AccentColor;
				CODE_SIGN_STYLE = Automatic;
				CURRENT_PROJECT_VERSION = 1;
				DEVELOPMENT_TEAM = 7588T3DZY6;
				GENERATE_INFOPLIST_FILE = YES;
				INFOPLIST_FILE = SugarDaddy/Info.plist;
				INFOPLIST_KEY_UIApplicationSupportsIndirectInputEvents = YES;
				INFOPLIST_KEY_UILaunchStoryboardName = LaunchScreen;
				INFOPLIST_KEY_UIMainStoryboardFile = Main;
				INFOPLIST_KEY_UISupportedInterfaceOrientations_iPad = "UIInterfaceOrientationPortrait UIInterfaceOrientationPortraitUpsideDown UIInterfaceOrientationLandscapeLeft UIInterfaceOrientationLandscapeRight";
				INFOPLIST_KEY_UISupportedInterfaceOrientations_iPhone = "UIInterfaceOrientationPortrait UIInterfaceOrientationLandscapeLeft UIInterfaceOrientationLandscapeRight";
				LD_RUNPATH_SEARCH_PATHS = (
					"$(inherited)",
					"@executable_path/Frameworks",
				);
				MARKETING_VERSION = 1.0;
				PRODUCT_BUNDLE_IDENTIFIER = com.pin.SugarDaddy;
				PRODUCT_NAME = "$(TARGET_NAME)";
				SWIFT_EMIT_LOC_STRINGS = YES;
				SWIFT_VERSION = 5.0;
				TARGETED_DEVICE_FAMILY = "1,2";
			};
			name = Release;
		};
/* End XCBuildConfiguration section */

/* Begin XCConfigurationList section */
		CD2D5BCF294064D5006E7BAD /* Build configuration list for PBXProject "SugarDaddy" */ = {
			isa = XCConfigurationList;
			buildConfigurations = (
				CD2D5BE6294064D7006E7BAD /* Debug */,
				CD2D5BE7294064D7006E7BAD /* Release */,
			);
			defaultConfigurationIsVisible = 0;
			defaultConfigurationName = Release;
		};
		CD2D5BE8294064D7006E7BAD /* Build configuration list for PBXNativeTarget "SugarDaddy" */ = {
			isa = XCConfigurationList;
			buildConfigurations = (
				CD2D5BE9294064D7006E7BAD /* Debug */,
				CD2D5BEA294064D7006E7BAD /* Release */,
			);
			defaultConfigurationIsVisible = 0;
			defaultConfigurationName = Release;
		};
/* End XCConfigurationList section */
	};
	rootObject = CD2D5BCC294064D5006E7BAD /* Project object */;
}
